
Microsoft Visual Studio Solution File, Format Version 12.00
# Visual Studio Version 16
VisualStudioVersion = 16.0.30413.136
MinimumVisualStudioVersion = 15.0.26124.0
Project("{9A19103F-16F7-4668-BE54-9A1E7A4F7556}") = "BibliotecaViva.DAL", "DAL\BibliotecaViva.DAL.csproj", "{70730335-9255-449B-B432-952B43E2C4D4}"
EndProject
Project("{9A19103F-16F7-4668-BE54-9A1E7A4F7556}") = "BibliotecaViva.BLL", "BLL\BibliotecaViva.BLL.csproj", "{C062C3F2-E534-4F93-8051-95E27431003D}"
EndProject
Project("{FAE04EC0-301F-11D3-BF4B-00C04F79EFBC}") = "BibliotecaViva.DAO", "DAO\BibliotecaViva.DAO.csproj", "{B5984C4D-F1B5-4F23-8BD5-5D9AFCA5F1D4}"
EndProject
Project("{FAE04EC0-301F-11D3-BF4B-00C04F79EFBC}") = "API", "API\API.csproj", "{B1965034-23F0-40C0-BC0A-72ACB6D8186C}"
EndProject
Global
	GlobalSection(SolutionConfigurationPlatforms) = preSolution
		Debug|Any CPU = Debug|Any CPU
		Debug|x64 = Debug|x64
		Debug|x86 = Debug|x86
		Release|Any CPU = Release|Any CPU
		Release|x64 = Release|x64
		Release|x86 = Release|x86
	EndGlobalSection
	GlobalSection(ProjectConfigurationPlatforms) = postSolution
		{238D6BF6-1B25-42B8-BD29-631BA9830881}.Debug|Any CPU.ActiveCfg = Debug|Any CPU
		{238D6BF6-1B25-42B8-BD29-631BA9830881}.Debug|Any CPU.Build.0 = Debug|Any CPU
		{238D6BF6-1B25-42B8-BD29-631BA9830881}.Debug|x64.ActiveCfg = Debug|Any CPU
		{238D6BF6-1B25-42B8-BD29-631BA9830881}.Debug|x64.Build.0 = Debug|Any CPU
		{238D6BF6-1B25-42B8-BD29-631BA9830881}.Debug|x86.ActiveCfg = Debug|Any CPU
		{238D6BF6-1B25-42B8-BD29-631BA9830881}.Debug|x86.Build.0 = Debug|Any CPU
		{238D6BF6-1B25-42B8-BD29-631BA9830881}.Release|Any CPU.ActiveCfg = Release|Any CPU
		{238D6BF6-1B25-42B8-BD29-631BA9830881}.Release|Any CPU.Build.0 = Release|Any CPU
		{238D6BF6-1B25-42B8-BD29-631BA9830881}.Release|x64.ActiveCfg = Release|Any CPU
		{238D6BF6-1B25-42B8-BD29-631BA9830881}.Release|x64.Build.0 = Release|Any CPU
		{238D6BF6-1B25-42B8-BD29-631BA9830881}.Release|x86.ActiveCfg = Release|Any CPU
		{238D6BF6-1B25-42B8-BD29-631BA9830881}.Release|x86.Build.0 = Release|Any CPU
		{70730335-9255-449B-B432-952B43E2C4D4}.Debug|Any CPU.ActiveCfg = Debug|Any CPU
		{70730335-9255-449B-B432-952B43E2C4D4}.Debug|Any CPU.Build.0 = Debug|Any CPU
		{70730335-9255-449B-B432-952B43E2C4D4}.Debug|x64.ActiveCfg = Debug|Any CPU
		{70730335-9255-449B-B432-952B43E2C4D4}.Debug|x64.Build.0 = Debug|Any CPU
		{70730335-9255-449B-B432-952B43E2C4D4}.Debug|x86.ActiveCfg = Debug|Any CPU
		{70730335-9255-449B-B432-952B43E2C4D4}.Debug|x86.Build.0 = Debug|Any CPU
		{70730335-9255-449B-B432-952B43E2C4D4}.Release|Any CPU.ActiveCfg = Release|Any CPU
		{70730335-9255-449B-B432-952B43E2C4D4}.Release|Any CPU.Build.0 = Release|Any CPU
		{70730335-9255-449B-B432-952B43E2C4D4}.Release|x64.ActiveCfg = Release|Any CPU
		{70730335-9255-449B-B432-952B43E2C4D4}.Release|x64.Build.0 = Release|Any CPU
		{70730335-9255-449B-B432-952B43E2C4D4}.Release|x86.ActiveCfg = Release|Any CPU
		{70730335-9255-449B-B432-952B43E2C4D4}.Release|x86.Build.0 = Release|Any CPU
		{C062C3F2-E534-4F93-8051-95E27431003D}.Debug|Any CPU.ActiveCfg = Debug|Any CPU
		{C062C3F2-E534-4F93-8051-95E27431003D}.Debug|Any CPU.Build.0 = Debug|Any CPU
		{C062C3F2-E534-4F93-8051-95E27431003D}.Debug|x64.ActiveCfg = Debug|Any CPU
		{C062C3F2-E534-4F93-8051-95E27431003D}.Debug|x64.Build.0 = Debug|Any CPU
		{C062C3F2-E534-4F93-8051-95E27431003D}.Debug|x86.ActiveCfg = Debug|Any CPU
		{C062C3F2-E534-4F93-8051-95E27431003D}.Debug|x86.Build.0 = Debug|Any CPU
		{C062C3F2-E534-4F93-8051-95E27431003D}.Release|Any CPU.ActiveCfg = Release|Any CPU
		{C062C3F2-E534-4F93-8051-95E27431003D}.Release|Any CPU.Build.0 = Release|Any CPU
		{C062C3F2-E534-4F93-8051-95E27431003D}.Release|x64.ActiveCfg = Release|Any CPU
		{C062C3F2-E534-4F93-8051-95E27431003D}.Release|x64.Build.0 = Release|Any CPU
		{C062C3F2-E534-4F93-8051-95E27431003D}.Release|x86.ActiveCfg = Release|Any CPU
		{C062C3F2-E534-4F93-8051-95E27431003D}.Release|x86.Build.0 = Release|Any CPU
		{A80E0475-5625-482F-9E98-368D246D61B2}.Debug|Any CPU.ActiveCfg = Debug|Any CPU
		{A80E0475-5625-482F-9E98-368D246D61B2}.Debug|Any CPU.Build.0 = Debug|Any CPU
		{A80E0475-5625-482F-9E98-368D246D61B2}.Debug|x64.ActiveCfg = Debug|Any CPU
		{A80E0475-5625-482F-9E98-368D246D61B2}.Debug|x64.Build.0 = Debug|Any CPU
		{A80E0475-5625-482F-9E98-368D246D61B2}.Debug|x86.ActiveCfg = Debug|Any CPU
		{A80E0475-5625-482F-9E98-368D246D61B2}.Debug|x86.Build.0 = Debug|Any CPU
		{A80E0475-5625-482F-9E98-368D246D61B2}.Release|Any CPU.ActiveCfg = Release|Any CPU
		{A80E0475-5625-482F-9E98-368D246D61B2}.Release|Any CPU.Build.0 = Release|Any CPU
		{A80E0475-5625-482F-9E98-368D246D61B2}.Release|x64.ActiveCfg = Release|Any CPU
		{A80E0475-5625-482F-9E98-368D246D61B2}.Release|x64.Build.0 = Release|Any CPU
		{A80E0475-5625-482F-9E98-368D246D61B2}.Release|x86.ActiveCfg = Release|Any CPU
		{A80E0475-5625-482F-9E98-368D246D61B2}.Release|x86.Build.0 = Release|Any CPU
		{862EDA19-EF4B-481C-8A80-9A326DFBC467}.Debug|Any CPU.ActiveCfg = Debug|Any CPU
		{862EDA19-EF4B-481C-8A80-9A326DFBC467}.Debug|Any CPU.Build.0 = Debug|Any CPU
		{862EDA19-EF4B-481C-8A80-9A326DFBC467}.Debug|x64.ActiveCfg = Debug|Any CPU
		{862EDA19-EF4B-481C-8A80-9A326DFBC467}.Debug|x64.Build.0 = Debug|Any CPU
		{862EDA19-EF4B-481C-8A80-9A326DFBC467}.Debug|x86.ActiveCfg = Debug|Any CPU
		{862EDA19-EF4B-481C-8A80-9A326DFBC467}.Debug|x86.Build.0 = Debug|Any CPU
		{862EDA19-EF4B-481C-8A80-9A326DFBC467}.Release|Any CPU.ActiveCfg = Release|Any CPU
		{862EDA19-EF4B-481C-8A80-9A326DFBC467}.Release|Any CPU.Build.0 = Release|Any CPU
		{862EDA19-EF4B-481C-8A80-9A326DFBC467}.Release|x64.ActiveCfg = Release|Any CPU
		{862EDA19-EF4B-481C-8A80-9A326DFBC467}.Release|x64.Build.0 = Release|Any CPU
		{862EDA19-EF4B-481C-8A80-9A326DFBC467}.Release|x86.ActiveCfg = Release|Any CPU
		{862EDA19-EF4B-481C-8A80-9A326DFBC467}.Release|x86.Build.0 = Release|Any CPU
		{B5984C4D-F1B5-4F23-8BD5-5D9AFCA5F1D4}.Debug|Any CPU.ActiveCfg = Debug|Any CPU
		{B5984C4D-F1B5-4F23-8BD5-5D9AFCA5F1D4}.Debug|Any CPU.Build.0 = Debug|Any CPU
		{B5984C4D-F1B5-4F23-8BD5-5D9AFCA5F1D4}.Debug|x64.ActiveCfg = Debug|Any CPU
		{B5984C4D-F1B5-4F23-8BD5-5D9AFCA5F1D4}.Debug|x64.Build.0 = Debug|Any CPU
		{B5984C4D-F1B5-4F23-8BD5-5D9AFCA5F1D4}.Debug|x86.ActiveCfg = Debug|Any CPU
		{B5984C4D-F1B5-4F23-8BD5-5D9AFCA5F1D4}.Debug|x86.Build.0 = Debug|Any CPU
		{B5984C4D-F1B5-4F23-8BD5-5D9AFCA5F1D4}.Release|Any CPU.ActiveCfg = Release|Any CPU
		{B5984C4D-F1B5-4F23-8BD5-5D9AFCA5F1D4}.Release|Any CPU.Build.0 = Release|Any CPU
		{B5984C4D-F1B5-4F23-8BD5-5D9AFCA5F1D4}.Release|x64.ActiveCfg = Release|Any CPU
		{B5984C4D-F1B5-4F23-8BD5-5D9AFCA5F1D4}.Release|x64.Build.0 = Release|Any CPU
		{B5984C4D-F1B5-4F23-8BD5-5D9AFCA5F1D4}.Release|x86.ActiveCfg = Release|Any CPU
		{B5984C4D-F1B5-4F23-8BD5-5D9AFCA5F1D4}.Release|x86.Build.0 = Release|Any CPU
		{B1965034-23F0-40C0-BC0A-72ACB6D8186C}.Debug|Any CPU.ActiveCfg = Debug|Any CPU
		{B1965034-23F0-40C0-BC0A-72ACB6D8186C}.Debug|Any CPU.Build.0 = Debug|Any CPU
		{B1965034-23F0-40C0-BC0A-72ACB6D8186C}.Debug|x64.ActiveCfg = Debug|Any CPU
		{B1965034-23F0-40C0-BC0A-72ACB6D8186C}.Debug|x64.Build.0 = Debug|Any CPU
		{B1965034-23F0-40C0-BC0A-72ACB6D8186C}.Debug|x86.ActiveCfg = Debug|Any CPU
		{B1965034-23F0-40C0-BC0A-72ACB6D8186C}.Debug|x86.Build.0 = Debug|Any CPU
		{B1965034-23F0-40C0-BC0A-72ACB6D8186C}.Release|Any CPU.ActiveCfg = Release|Any CPU
		{B1965034-23F0-40C0-BC0A-72ACB6D8186C}.Release|Any CPU.Build.0 = Release|Any CPU
		{B1965034-23F0-40C0-BC0A-72ACB6D8186C}.Release|x64.ActiveCfg = Release|Any CPU
		{B1965034-23F0-40C0-BC0A-72ACB6D8186C}.Release|x64.Build.0 = Release|Any CPU
		{B1965034-23F0-40C0-BC0A-72ACB6D8186C}.Release|x86.ActiveCfg = Release|Any CPU
		{B1965034-23F0-40C0-BC0A-72ACB6D8186C}.Release|x86.Build.0 = Release|Any CPU
	EndGlobalSection
	GlobalSection(SolutionProperties) = preSolution
		HideSolutionNode = FALSE
	EndGlobalSection
	GlobalSection(ExtensibilityGlobals) = postSolution
		SolutionGuid = {14141516-0FDB-4DAC-B355-4D6C2A152C13}
	EndGlobalSection
EndGlobal
